
Microsoft Visual Studio Solution File, Format Version 12.00
# Visual Studio Version 17
VisualStudioVersion = 17.5.002.0
MinimumVisualStudioVersion = 10.0.40219.1
Project("{9A19103F-16F7-4668-BE54-9A1E7A4F7556}") = "bugtrackerapi", "bugtrackerapi.csproj", "{6CBF8A6F-5B0E-46E7-AB93-7A739E11804A}"
EndProject
Global
	GlobalSection(SolutionConfigurationPlatforms) = preSolution
		Debug|Any CPU = Debug|Any CPU
		Release|Any CPU = Release|Any CPU
	EndGlobalSection
	GlobalSection(ProjectConfigurationPlatforms) = postSolution
		{6CBF8A6F-5B0E-46E7-AB93-7A739E11804A}.Debug|Any CPU.ActiveCfg = Debug|Any CPU
		{6CBF8A6F-5B0E-46E7-AB93-7A739E11804A}.Debug|Any CPU.Build.0 = Debug|Any CPU
		{6CBF8A6F-5B0E-46E7-AB93-7A739E11804A}.Release|Any CPU.ActiveCfg = Release|Any CPU
		{6CBF8A6F-5B0E-46E7-AB93-7A739E11804A}.Release|Any CPU.Build.0 = Release|Any CPU
	EndGlobalSection
	GlobalSection(SolutionProperties) = preSolution
		HideSolutionNode = FALSE
	EndGlobalSection
	GlobalSection(ExtensibilityGlobals) = postSolution
		SolutionGuid = {80203211-F674-4381-A80B-A76ADF273A45}
	EndGlobalSection
EndGlobal
